
Microsoft Visual Studio Solution File, Format Version 12.00
# Visual Studio Version 16
VisualStudioVersion = 16.0.30128.74
MinimumVisualStudioVersion = 10.0.40219.1
Project("{9A19103F-16F7-4668-BE54-9A1E7A4F7556}") = "ServerChatApp", "ServerChatApp\ServerChatApp.csproj", "{7C1004E4-2211-48FA-9D47-01A560355012}"
EndProject
Project("{FAE04EC0-301F-11D3-BF4B-00C04F79EFBC}") = "ServerChatTests", "ServerChatTests\ServerChatTests.csproj", "{69EC0B3D-95BC-456C-9D6C-037D16C0BBFF}"
EndProject
Global
	GlobalSection(SolutionConfigurationPlatforms) = preSolution
		Debug|Any CPU = Debug|Any CPU
		Release|Any CPU = Release|Any CPU
	EndGlobalSection
	GlobalSection(ProjectConfigurationPlatforms) = postSolution
		{7C1004E4-2211-48FA-9D47-01A560355012}.Debug|Any CPU.ActiveCfg = Debug|Any CPU
		{7C1004E4-2211-48FA-9D47-01A560355012}.Debug|Any CPU.Build.0 = Debug|Any CPU
		{7C1004E4-2211-48FA-9D47-01A560355012}.Release|Any CPU.ActiveCfg = Release|Any CPU
		{7C1004E4-2211-48FA-9D47-01A560355012}.Release|Any CPU.Build.0 = Release|Any CPU
		{69EC0B3D-95BC-456C-9D6C-037D16C0BBFF}.Debug|Any CPU.ActiveCfg = Debug|Any CPU
		{69EC0B3D-95BC-456C-9D6C-037D16C0BBFF}.Debug|Any CPU.Build.0 = Debug|Any CPU
		{69EC0B3D-95BC-456C-9D6C-037D16C0BBFF}.Release|Any CPU.ActiveCfg = Release|Any CPU
		{69EC0B3D-95BC-456C-9D6C-037D16C0BBFF}.Release|Any CPU.Build.0 = Release|Any CPU
	EndGlobalSection
	GlobalSection(SolutionProperties) = preSolution
		HideSolutionNode = FALSE
	EndGlobalSection
	GlobalSection(ExtensibilityGlobals) = postSolution
		SolutionGuid = {CD83D913-302A-453A-B80D-513F3FFDFEC9}
	EndGlobalSection
EndGlobal
